
Microsoft Visual Studio Solution File, Format Version 12.00
# Visual Studio Version 17
VisualStudioVersion = 17.0.31903.59
MinimumVisualStudioVersion = 10.0.40219.1
Project("{2150E333-8FDC-42A3-9474-1A3956D46DE8}") = "src", "src", "{386DD2E6-7733-4758-9DEF-333286DDB86F}"
EndProject
Project("{FAE04EC0-301F-11D3-BF4B-00C04F79EFBC}") = "Dorado.Application", "src\Dorado.Application\Dorado.Application.csproj", "{9C687BB5-6AE3-4C94-A12F-6D34C5DAAFFD}"
EndProject
Project("{FAE04EC0-301F-11D3-BF4B-00C04F79EFBC}") = "Dorado.Desktop", "src\Dorado.Desktop\Dorado.Desktop.csproj", "{25AC0615-C4F1-4C77-BC58-60854E7311CD}"
EndProject
Project("{FAE04EC0-301F-11D3-BF4B-00C04F79EFBC}") = "Dorado.Domain", "src\Dorado.Domain\Dorado.Domain.csproj", "{9C9E9467-07D6-4E56-91EA-B7D968A170AB}"
EndProject
Project("{FAE04EC0-301F-11D3-BF4B-00C04F79EFBC}") = "Dorado.Infrastructure.Audio", "src\Dorado.Infrastructure.Audio\Dorado.Infrastructure.Audio.csproj", "{9E32997A-83D4-4E95-9716-C2A4FE443BE0}"
EndProject
Project("{FAE04EC0-301F-11D3-BF4B-00C04F79EFBC}") = "Dorado.Infrastructure.Devices", "src\Dorado.Infrastructure.Devices\Dorado.Infrastructure.Devices.csproj", "{4609E14C-7E25-44B0-A330-8AC1FFEAB51B}"
EndProject
Project("{FAE04EC0-301F-11D3-BF4B-00C04F79EFBC}") = "Dorado.Infrastructure.External", "src\Dorado.Infrastructure.External\Dorado.Infrastructure.External.csproj", "{CF1E3D87-5A99-46F7-994E-3CE3359C1638}"
EndProject
Project("{FAE04EC0-301F-11D3-BF4B-00C04F79EFBC}") = "Dorado.Infrastructure.Persistence", "src\Dorado.Infrastructure.Persistence\Dorado.Infrastructure.Persistence.csproj", "{162CD64B-153A-4CA6-8934-E70C8CA022DF}"
EndProject
Project("{FAE04EC0-301F-11D3-BF4B-00C04F79EFBC}") = "Dorado.Plugins.Protocol", "src\Dorado.Plugins.Protocol\Dorado.Plugins.Protocol.csproj", "{9E042CB8-6DFE-4036-B4FF-A8F5B893973B}"
EndProject
Project("{FAE04EC0-301F-11D3-BF4B-00C04F79EFBC}") = "Dorado.Plugins.Sdk", "src\Dorado.Plugins.Sdk\Dorado.Plugins.Sdk.csproj", "{CF28E88C-BCB3-43DF-BC90-F9808D4C2B4E}"
EndProject
Project("{FAE04EC0-301F-11D3-BF4B-00C04F79EFBC}") = "Dorado.UI", "src\Dorado.UI\Dorado.UI.csproj", "{E0F28BF6-1159-41CC-BBEE-1FBAFED53447}"
EndProject
Project("{2150E333-8FDC-42A3-9474-1A3956D46DE8}") = "tests", "tests", "{89103A14-FD5B-4F9F-9AEF-803F5D97F55C}"
EndProject
Project("{FAE04EC0-301F-11D3-BF4B-00C04F79EFBC}") = "Dorado.Tests.Application", "tests\Dorado.Tests.Application\Dorado.Tests.Application.csproj", "{17B493BB-CFCB-423D-844F-3ECD6BA3D6CC}"
EndProject
Project("{FAE04EC0-301F-11D3-BF4B-00C04F79EFBC}") = "Dorado.Tests.Domain", "tests\Dorado.Tests.Domain\Dorado.Tests.Domain.csproj", "{275BFD54-E360-44EC-8A6C-03D6167413BF}"
EndProject
Project("{FAE04EC0-301F-11D3-BF4B-00C04F79EFBC}") = "Dorado.Infrastructure.Video", "src\Dorado.Infrastructure.Video\Dorado.Infrastructure.Video.csproj", "{E7DE99F2-2C5A-46E4-A646-306A59915A2F}"
EndProject
Global
	GlobalSection(SolutionConfigurationPlatforms) = preSolution
		Debug|Any CPU = Debug|Any CPU
		Release|Any CPU = Release|Any CPU
	EndGlobalSection
	GlobalSection(SolutionProperties) = preSolution
		HideSolutionNode = FALSE
	EndGlobalSection
	GlobalSection(ProjectConfigurationPlatforms) = postSolution
		{9C687BB5-6AE3-4C94-A12F-6D34C5DAAFFD}.Debug|Any CPU.ActiveCfg = Debug|Any CPU
		{9C687BB5-6AE3-4C94-A12F-6D34C5DAAFFD}.Debug|Any CPU.Build.0 = Debug|Any CPU
		{9C687BB5-6AE3-4C94-A12F-6D34C5DAAFFD}.Release|Any CPU.ActiveCfg = Release|Any CPU
		{9C687BB5-6AE3-4C94-A12F-6D34C5DAAFFD}.Release|Any CPU.Build.0 = Release|Any CPU
		{25AC0615-C4F1-4C77-BC58-60854E7311CD}.Debug|Any CPU.ActiveCfg = Debug|Any CPU
		{25AC0615-C4F1-4C77-BC58-60854E7311CD}.Debug|Any CPU.Build.0 = Debug|Any CPU
		{25AC0615-C4F1-4C77-BC58-60854E7311CD}.Release|Any CPU.ActiveCfg = Release|Any CPU
		{25AC0615-C4F1-4C77-BC58-60854E7311CD}.Release|Any CPU.Build.0 = Release|Any CPU
		{9C9E9467-07D6-4E56-91EA-B7D968A170AB}.Debug|Any CPU.ActiveCfg = Debug|Any CPU
		{9C9E9467-07D6-4E56-91EA-B7D968A170AB}.Debug|Any CPU.Build.0 = Debug|Any CPU
		{9C9E9467-07D6-4E56-91EA-B7D968A170AB}.Release|Any CPU.ActiveCfg = Release|Any CPU
		{9C9E9467-07D6-4E56-91EA-B7D968A170AB}.Release|Any CPU.Build.0 = Release|Any CPU
		{9E32997A-83D4-4E95-9716-C2A4FE443BE0}.Debug|Any CPU.ActiveCfg = Debug|Any CPU
		{9E32997A-83D4-4E95-9716-C2A4FE443BE0}.Debug|Any CPU.Build.0 = Debug|Any CPU
		{9E32997A-83D4-4E95-9716-C2A4FE443BE0}.Release|Any CPU.ActiveCfg = Release|Any CPU
		{9E32997A-83D4-4E95-9716-C2A4FE443BE0}.Release|Any CPU.Build.0 = Release|Any CPU
		{4609E14C-7E25-44B0-A330-8AC1FFEAB51B}.Debug|Any CPU.ActiveCfg = Debug|Any CPU
		{4609E14C-7E25-44B0-A330-8AC1FFEAB51B}.Debug|Any CPU.Build.0 = Debug|Any CPU
		{4609E14C-7E25-44B0-A330-8AC1FFEAB51B}.Release|Any CPU.ActiveCfg = Release|Any CPU
		{4609E14C-7E25-44B0-A330-8AC1FFEAB51B}.Release|Any CPU.Build.0 = Release|Any CPU
		{CF1E3D87-5A99-46F7-994E-3CE3359C1638}.Debug|Any CPU.ActiveCfg = Debug|Any CPU
		{CF1E3D87-5A99-46F7-994E-3CE3359C1638}.Debug|Any CPU.Build.0 = Debug|Any CPU
		{CF1E3D87-5A99-46F7-994E-3CE3359C1638}.Release|Any CPU.ActiveCfg = Release|Any CPU
		{CF1E3D87-5A99-46F7-994E-3CE3359C1638}.Release|Any CPU.Build.0 = Release|Any CPU
		{162CD64B-153A-4CA6-8934-E70C8CA022DF}.Debug|Any CPU.ActiveCfg = Debug|Any CPU
		{162CD64B-153A-4CA6-8934-E70C8CA022DF}.Debug|Any CPU.Build.0 = Debug|Any CPU
		{162CD64B-153A-4CA6-8934-E70C8CA022DF}.Release|Any CPU.ActiveCfg = Release|Any CPU
		{162CD64B-153A-4CA6-8934-E70C8CA022DF}.Release|Any CPU.Build.0 = Release|Any CPU
		{9E042CB8-6DFE-4036-B4FF-A8F5B893973B}.Debug|Any CPU.ActiveCfg = Debug|Any CPU
		{9E042CB8-6DFE-4036-B4FF-A8F5B893973B}.Debug|Any CPU.Build.0 = Debug|Any CPU
		{9E042CB8-6DFE-4036-B4FF-A8F5B893973B}.Release|Any CPU.ActiveCfg = Release|Any CPU
		{9E042CB8-6DFE-4036-B4FF-A8F5B893973B}.Release|Any CPU.Build.0 = Release|Any CPU
		{CF28E88C-BCB3-43DF-BC90-F9808D4C2B4E}.Debug|Any CPU.ActiveCfg = Debug|Any CPU
		{CF28E88C-BCB3-43DF-BC90-F9808D4C2B4E}.Debug|Any CPU.Build.0 = Debug|Any CPU
		{CF28E88C-BCB3-43DF-BC90-F9808D4C2B4E}.Release|Any CPU.ActiveCfg = Release|Any CPU
		{CF28E88C-BCB3-43DF-BC90-F9808D4C2B4E}.Release|Any CPU.Build.0 = Release|Any CPU
		{E0F28BF6-1159-41CC-BBEE-1FBAFED53447}.Debug|Any CPU.ActiveCfg = Debug|Any CPU
		{E0F28BF6-1159-41CC-BBEE-1FBAFED53447}.Debug|Any CPU.Build.0 = Debug|Any CPU
		{E0F28BF6-1159-41CC-BBEE-1FBAFED53447}.Release|Any CPU.ActiveCfg = Release|Any CPU
		{E0F28BF6-1159-41CC-BBEE-1FBAFED53447}.Release|Any CPU.Build.0 = Release|Any CPU
		{17B493BB-CFCB-423D-844F-3ECD6BA3D6CC}.Debug|Any CPU.ActiveCfg = Debug|Any CPU
		{17B493BB-CFCB-423D-844F-3ECD6BA3D6CC}.Debug|Any CPU.Build.0 = Debug|Any CPU
		{17B493BB-CFCB-423D-844F-3ECD6BA3D6CC}.Release|Any CPU.ActiveCfg = Release|Any CPU
		{17B493BB-CFCB-423D-844F-3ECD6BA3D6CC}.Release|Any CPU.Build.0 = Release|Any CPU
		{275BFD54-E360-44EC-8A6C-03D6167413BF}.Debug|Any CPU.ActiveCfg = Debug|Any CPU
		{275BFD54-E360-44EC-8A6C-03D6167413BF}.Debug|Any CPU.Build.0 = Debug|Any CPU
		{275BFD54-E360-44EC-8A6C-03D6167413BF}.Release|Any CPU.ActiveCfg = Release|Any CPU
		{275BFD54-E360-44EC-8A6C-03D6167413BF}.Release|Any CPU.Build.0 = Release|Any CPU
		{E7DE99F2-2C5A-46E4-A646-306A59915A2F}.Debug|Any CPU.ActiveCfg = Debug|Any CPU
		{E7DE99F2-2C5A-46E4-A646-306A59915A2F}.Debug|Any CPU.Build.0 = Debug|Any CPU
		{E7DE99F2-2C5A-46E4-A646-306A59915A2F}.Release|Any CPU.ActiveCfg = Release|Any CPU
		{E7DE99F2-2C5A-46E4-A646-306A59915A2F}.Release|Any CPU.Build.0 = Release|Any CPU
	EndGlobalSection
	GlobalSection(NestedProjects) = preSolution
		{9C687BB5-6AE3-4C94-A12F-6D34C5DAAFFD} = {386DD2E6-7733-4758-9DEF-333286DDB86F}
		{25AC0615-C4F1-4C77-BC58-60854E7311CD} = {386DD2E6-7733-4758-9DEF-333286DDB86F}
		{9C9E9467-07D6-4E56-91EA-B7D968A170AB} = {386DD2E6-7733-4758-9DEF-333286DDB86F}
		{9E32997A-83D4-4E95-9716-C2A4FE443BE0} = {386DD2E6-7733-4758-9DEF-333286DDB86F}
		{4609E14C-7E25-44B0-A330-8AC1FFEAB51B} = {386DD2E6-7733-4758-9DEF-333286DDB86F}
		{CF1E3D87-5A99-46F7-994E-3CE3359C1638} = {386DD2E6-7733-4758-9DEF-333286DDB86F}
		{162CD64B-153A-4CA6-8934-E70C8CA022DF} = {386DD2E6-7733-4758-9DEF-333286DDB86F}
		{9E042CB8-6DFE-4036-B4FF-A8F5B893973B} = {386DD2E6-7733-4758-9DEF-333286DDB86F}
		{CF28E88C-BCB3-43DF-BC90-F9808D4C2B4E} = {386DD2E6-7733-4758-9DEF-333286DDB86F}
		{E0F28BF6-1159-41CC-BBEE-1FBAFED53447} = {386DD2E6-7733-4758-9DEF-333286DDB86F}
		{17B493BB-CFCB-423D-844F-3ECD6BA3D6CC} = {89103A14-FD5B-4F9F-9AEF-803F5D97F55C}
		{275BFD54-E360-44EC-8A6C-03D6167413BF} = {89103A14-FD5B-4F9F-9AEF-803F5D97F55C}
		{E7DE99F2-2C5A-46E4-A646-306A59915A2F} = {386DD2E6-7733-4758-9DEF-333286DDB86F}
	EndGlobalSection
EndGlobal
